# THIS IS AN AUTOGENERATED FILE. DO NOT EDIT THIS FILE DIRECTLY.
# yarn lockfile v1


js-md5@^0.7.3:
  version "0.7.3"
  resolved "https://registry.yarnpkg.com/js-md5/-/js-md5-0.7.3.tgz#b4f2fbb0b327455f598d6727e38ec272cd09c3f2"
  integrity sha512-ZC41vPSTLKGwIRjqDh8DfXoCrdQIyBgspJVPXHBGu4nZlAEvG3nf+jO9avM9RmLiGakg7vz974ms99nEV0tmTQ==

uni-read-pages@^1.0.5:
  version "1.0.5"
  resolved "https://registry.yarnpkg.com/uni-read-pages/-/uni-read-pages-1.0.5.tgz#452c8dcaa8977bbaef600909be926c8d9704387c"
  integrity sha512-GkrrZ0LX0vn9R5k6RKEi0Ez3Q3e2vUpjXQ8Z6/K/d28KudI9ajqgt8WEjQFlG5EPm1K6uTArN8LlqmZTEixDUA==

uni-simple-router@^2.0.6:
  version "2.0.6"
  resolved "https://registry.yarnpkg.com/uni-simple-router/-/uni-simple-router-2.0.6.tgz#f6d48d6d29766c4b2471bb019192989e784fb684"
  integrity sha512-n5gepoT3QcBrvVLeTCY/DjUjC4m1hNzwFlOa1VlCsww/4/34MGfvegpN9OWR8jOxxtUPKGHLAG0yODL/ITCwbw==

uuid@^8.3.2:
  version "8.3.2"
  resolved "https://registry.yarnpkg.com/uuid/-/uuid-8.3.2.tgz#80d5b5ced271bb9af6c445f21a1a04c606cefbe2"
  integrity sha512-+NYs2QeMWy+GWFOEm9xnn6HCDp0l7QBD7ml8zLUmJ+93Q5NF0NocErnwkTkXVFNiX3/fpC6afS8Dhb/gz7R7eg==
